
Microsoft Visual Studio Solution File, Format Version 12.00
# Visual Studio Version 16
VisualStudioVersion = 16.0.30907.101
MinimumVisualStudioVersion = 10.0.40219.1
Project("{FAE04EC0-301F-11D3-BF4B-00C04F79EFBC}") = "VehicleShowRoomManager", "VehicleShowRoomManager\VehicleShowRoomManager.csproj", "{6686B5FB-770A-4B40-973A-E53A027FC7C6}"
EndProject
Global
	GlobalSection(SolutionConfigurationPlatforms) = preSolution
		Debug|Any CPU = Debug|Any CPU
		Release|Any CPU = Release|Any CPU
	EndGlobalSection
	GlobalSection(ProjectConfigurationPlatforms) = postSolution
		{6686B5FB-770A-4B40-973A-E53A027FC7C6}.Debug|Any CPU.ActiveCfg = Debug|Any CPU
		{6686B5FB-770A-4B40-973A-E53A027FC7C6}.Debug|Any CPU.Build.0 = Debug|Any CPU
		{6686B5FB-770A-4B40-973A-E53A027FC7C6}.Release|Any CPU.ActiveCfg = Release|Any CPU
		{6686B5FB-770A-4B40-973A-E53A027FC7C6}.Release|Any CPU.Build.0 = Release|Any CPU
	EndGlobalSection
	GlobalSection(SolutionProperties) = preSolution
		HideSolutionNode = FALSE
	EndGlobalSection
	GlobalSection(ExtensibilityGlobals) = postSolution
		SolutionGuid = {2967E599-32DD-4E8D-9C0D-FC449020E33B}
	EndGlobalSection
EndGlobal
